
Microsoft Visual Studio Solution File, Format Version 12.00
# Visual Studio Version 16
VisualStudioVersion = 16.0.30907.101
MinimumVisualStudioVersion = 10.0.40219.1
Project("{FAE04EC0-301F-11D3-BF4B-00C04F79EFBC}") = "CovidSystemApp", "CloudSystemApp\CovidSystemApp.csproj", "{7FCE5748-33DA-4743-87E8-2DB32FFD6A1E}"
EndProject
Global
	GlobalSection(SolutionConfigurationPlatforms) = preSolution
		Debug|Any CPU = Debug|Any CPU
		Release|Any CPU = Release|Any CPU
	EndGlobalSection
	GlobalSection(ProjectConfigurationPlatforms) = postSolution
		{7FCE5748-33DA-4743-87E8-2DB32FFD6A1E}.Debug|Any CPU.ActiveCfg = Debug|Any CPU
		{7FCE5748-33DA-4743-87E8-2DB32FFD6A1E}.Debug|Any CPU.Build.0 = Debug|Any CPU
		{7FCE5748-33DA-4743-87E8-2DB32FFD6A1E}.Release|Any CPU.ActiveCfg = Release|Any CPU
		{7FCE5748-33DA-4743-87E8-2DB32FFD6A1E}.Release|Any CPU.Build.0 = Release|Any CPU
	EndGlobalSection
	GlobalSection(SolutionProperties) = preSolution
		HideSolutionNode = FALSE
	EndGlobalSection
	GlobalSection(ExtensibilityGlobals) = postSolution
		SolutionGuid = {C5E8C295-FB33-4372-9A03-35C7E5F6D4E8}
	EndGlobalSection
EndGlobal
